
Microsoft Visual Studio Solution File, Format Version 12.00
# Visual Studio Version 16
VisualStudioVersion = 16.0.32106.194
MinimumVisualStudioVersion = 10.0.40219.1
Project("{FAE04EC0-301F-11D3-BF4B-00C04F79EFBC}") = "TheBlogProject", "TheBlogProject\TheBlogProject.csproj", "{13831841-7F7F-4047-BA00-27CAFE0822B0}"
EndProject
Global
	GlobalSection(SolutionConfigurationPlatforms) = preSolution
		Debug|Any CPU = Debug|Any CPU
		Release|Any CPU = Release|Any CPU
	EndGlobalSection
	GlobalSection(ProjectConfigurationPlatforms) = postSolution
		{13831841-7F7F-4047-BA00-27CAFE0822B0}.Debug|Any CPU.ActiveCfg = Debug|Any CPU
		{13831841-7F7F-4047-BA00-27CAFE0822B0}.Debug|Any CPU.Build.0 = Debug|Any CPU
		{13831841-7F7F-4047-BA00-27CAFE0822B0}.Release|Any CPU.ActiveCfg = Release|Any CPU
		{13831841-7F7F-4047-BA00-27CAFE0822B0}.Release|Any CPU.Build.0 = Release|Any CPU
	EndGlobalSection
	GlobalSection(SolutionProperties) = preSolution
		HideSolutionNode = FALSE
	EndGlobalSection
	GlobalSection(ExtensibilityGlobals) = postSolution
		SolutionGuid = {3C195B53-C96B-4F61-A3E4-382921B919AB}
	EndGlobalSection
EndGlobal
